
Microsoft Visual Studio Solution File, Format Version 12.00
# Visual Studio Version 17
VisualStudioVersion = 17.13.35931.197 d17.13
MinimumVisualStudioVersion = 10.0.40219.1
Project("{FAE04EC0-301F-11D3-BF4B-00C04F79EFBC}") = "PrimeiroProjeto", "PrimeiroProjeto\PrimeiroProjeto.csproj", "{5905DE08-08F4-4997-9FF0-22E501741005}"
EndProject
Global
	GlobalSection(SolutionConfigurationPlatforms) = preSolution
		Debug|Any CPU = Debug|Any CPU
		Release|Any CPU = Release|Any CPU
	EndGlobalSection
	GlobalSection(ProjectConfigurationPlatforms) = postSolution
		{5905DE08-08F4-4997-9FF0-22E501741005}.Debug|Any CPU.ActiveCfg = Debug|Any CPU
		{5905DE08-08F4-4997-9FF0-22E501741005}.Debug|Any CPU.Build.0 = Debug|Any CPU
		{5905DE08-08F4-4997-9FF0-22E501741005}.Release|Any CPU.ActiveCfg = Release|Any CPU
		{5905DE08-08F4-4997-9FF0-22E501741005}.Release|Any CPU.Build.0 = Release|Any CPU
	EndGlobalSection
	GlobalSection(SolutionProperties) = preSolution
		HideSolutionNode = FALSE
	EndGlobalSection
	GlobalSection(ExtensibilityGlobals) = postSolution
		SolutionGuid = {503705CB-1209-4F70-88EE-873CB8798C43}
	EndGlobalSection
EndGlobal
